
Microsoft Visual Studio Solution File, Format Version 12.00
# Visual Studio Version 17
VisualStudioVersion = 17.6.33801.468
MinimumVisualStudioVersion = 10.0.40219.1
Project("{FAE04EC0-301F-11D3-BF4B-00C04F79EFBC}") = "SimpleAzureOpenAIChat", "SimpleAzureOpenAIChat\SimpleAzureOpenAIChat.csproj", "{C7431D95-0204-4784-BA8E-5EF088BDFB80}"
EndProject
Global
	GlobalSection(SolutionConfigurationPlatforms) = preSolution
		Debug|Any CPU = Debug|Any CPU
		Release|Any CPU = Release|Any CPU
	EndGlobalSection
	GlobalSection(ProjectConfigurationPlatforms) = postSolution
		{C7431D95-0204-4784-BA8E-5EF088BDFB80}.Debug|Any CPU.ActiveCfg = Debug|Any CPU
		{C7431D95-0204-4784-BA8E-5EF088BDFB80}.Debug|Any CPU.Build.0 = Debug|Any CPU
		{C7431D95-0204-4784-BA8E-5EF088BDFB80}.Release|Any CPU.ActiveCfg = Release|Any CPU
		{C7431D95-0204-4784-BA8E-5EF088BDFB80}.Release|Any CPU.Build.0 = Release|Any CPU
	EndGlobalSection
	GlobalSection(SolutionProperties) = preSolution
		HideSolutionNode = FALSE
	EndGlobalSection
	GlobalSection(ExtensibilityGlobals) = postSolution
		SolutionGuid = {FE07EEAB-C588-479D-ACDE-0AE9C9C91D5B}
	EndGlobalSection
EndGlobal
